
Microsoft Visual Studio Solution File, Format Version 12.00
# Visual Studio Version 17
VisualStudioVersion = 17.6.33723.286
MinimumVisualStudioVersion = 10.0.40219.1
Project("{FAE04EC0-301F-11D3-BF4B-00C04F79EFBC}") = "11. Array Manipulator", "11. Array Manipulator\11. Array Manipulator.csproj", "{DBC8725F-B04D-40B6-A271-9CD29E802C23}"
EndProject
Global
	GlobalSection(SolutionConfigurationPlatforms) = preSolution
		Debug|Any CPU = Debug|Any CPU
		Release|Any CPU = Release|Any CPU
	EndGlobalSection
	GlobalSection(ProjectConfigurationPlatforms) = postSolution
		{DBC8725F-B04D-40B6-A271-9CD29E802C23}.Debug|Any CPU.ActiveCfg = Debug|Any CPU
		{DBC8725F-B04D-40B6-A271-9CD29E802C23}.Debug|Any CPU.Build.0 = Debug|Any CPU
		{DBC8725F-B04D-40B6-A271-9CD29E802C23}.Release|Any CPU.ActiveCfg = Release|Any CPU
		{DBC8725F-B04D-40B6-A271-9CD29E802C23}.Release|Any CPU.Build.0 = Release|Any CPU
	EndGlobalSection
	GlobalSection(SolutionProperties) = preSolution
		HideSolutionNode = FALSE
	EndGlobalSection
	GlobalSection(ExtensibilityGlobals) = postSolution
		SolutionGuid = {4732A926-E403-4314-B1FE-44FF4410EE16}
	EndGlobalSection
EndGlobal
