
Microsoft Visual Studio Solution File, Format Version 12.00
# Visual Studio Version 17
VisualStudioVersion = 17.6.33723.286
MinimumVisualStudioVersion = 10.0.40219.1
Project("{FAE04EC0-301F-11D3-BF4B-00C04F79EFBC}") = "07. Company Users", "07. Company Users\07. Company Users.csproj", "{492397A8-3F2F-43AC-B22E-DF6E37545B45}"
EndProject
Global
	GlobalSection(SolutionConfigurationPlatforms) = preSolution
		Debug|Any CPU = Debug|Any CPU
		Release|Any CPU = Release|Any CPU
	EndGlobalSection
	GlobalSection(ProjectConfigurationPlatforms) = postSolution
		{492397A8-3F2F-43AC-B22E-DF6E37545B45}.Debug|Any CPU.ActiveCfg = Debug|Any CPU
		{492397A8-3F2F-43AC-B22E-DF6E37545B45}.Debug|Any CPU.Build.0 = Debug|Any CPU
		{492397A8-3F2F-43AC-B22E-DF6E37545B45}.Release|Any CPU.ActiveCfg = Release|Any CPU
		{492397A8-3F2F-43AC-B22E-DF6E37545B45}.Release|Any CPU.Build.0 = Release|Any CPU
	EndGlobalSection
	GlobalSection(SolutionProperties) = preSolution
		HideSolutionNode = FALSE
	EndGlobalSection
	GlobalSection(ExtensibilityGlobals) = postSolution
		SolutionGuid = {A3C1635E-F2DF-43B8-BB24-BB2FC904FB48}
	EndGlobalSection
EndGlobal
