
Microsoft Visual Studio Solution File, Format Version 12.00
# Visual Studio Version 17
VisualStudioVersion = 17.6.33723.286
MinimumVisualStudioVersion = 10.0.40219.1
Project("{FAE04EC0-301F-11D3-BF4B-00C04F79EFBC}") = "02. Vowels Count", "02. Vowels Count\02. Vowels Count.csproj", "{C698A4CB-36DD-469B-B4B2-D392B0AC23BF}"
EndProject
Global
	GlobalSection(SolutionConfigurationPlatforms) = preSolution
		Debug|Any CPU = Debug|Any CPU
		Release|Any CPU = Release|Any CPU
	EndGlobalSection
	GlobalSection(ProjectConfigurationPlatforms) = postSolution
		{C698A4CB-36DD-469B-B4B2-D392B0AC23BF}.Debug|Any CPU.ActiveCfg = Debug|Any CPU
		{C698A4CB-36DD-469B-B4B2-D392B0AC23BF}.Debug|Any CPU.Build.0 = Debug|Any CPU
		{C698A4CB-36DD-469B-B4B2-D392B0AC23BF}.Release|Any CPU.ActiveCfg = Release|Any CPU
		{C698A4CB-36DD-469B-B4B2-D392B0AC23BF}.Release|Any CPU.Build.0 = Release|Any CPU
	EndGlobalSection
	GlobalSection(SolutionProperties) = preSolution
		HideSolutionNode = FALSE
	EndGlobalSection
	GlobalSection(ExtensibilityGlobals) = postSolution
		SolutionGuid = {289E37A8-6F8C-4CBC-ACB4-79D2D718ADFA}
	EndGlobalSection
EndGlobal
