
Microsoft Visual Studio Solution File, Format Version 12.00
# Visual Studio Version 17
VisualStudioVersion = 17.6.33723.286
MinimumVisualStudioVersion = 10.0.40219.1
Project("{FAE04EC0-301F-11D3-BF4B-00C04F79EFBC}") = "04. Students", "04. Students\04. Students.csproj", "{ADB43DE5-539A-4AAD-84FF-197BB4E6F6A6}"
EndProject
Global
	GlobalSection(SolutionConfigurationPlatforms) = preSolution
		Debug|Any CPU = Debug|Any CPU
		Release|Any CPU = Release|Any CPU
	EndGlobalSection
	GlobalSection(ProjectConfigurationPlatforms) = postSolution
		{ADB43DE5-539A-4AAD-84FF-197BB4E6F6A6}.Debug|Any CPU.ActiveCfg = Debug|Any CPU
		{ADB43DE5-539A-4AAD-84FF-197BB4E6F6A6}.Debug|Any CPU.Build.0 = Debug|Any CPU
		{ADB43DE5-539A-4AAD-84FF-197BB4E6F6A6}.Release|Any CPU.ActiveCfg = Release|Any CPU
		{ADB43DE5-539A-4AAD-84FF-197BB4E6F6A6}.Release|Any CPU.Build.0 = Release|Any CPU
	EndGlobalSection
	GlobalSection(SolutionProperties) = preSolution
		HideSolutionNode = FALSE
	EndGlobalSection
	GlobalSection(ExtensibilityGlobals) = postSolution
		SolutionGuid = {7723D981-5DCB-45E9-9F3E-0F13122D2127}
	EndGlobalSection
EndGlobal
