
Microsoft Visual Studio Solution File, Format Version 12.00
# Visual Studio Version 17
VisualStudioVersion = 17.6.33723.286
MinimumVisualStudioVersion = 10.0.40219.1
Project("{FAE04EC0-301F-11D3-BF4B-00C04F79EFBC}") = "03. House Party", "03. House Party\03. House Party.csproj", "{A406CFC3-3997-4484-9D87-C93B74997764}"
EndProject
Global
	GlobalSection(SolutionConfigurationPlatforms) = preSolution
		Debug|Any CPU = Debug|Any CPU
		Release|Any CPU = Release|Any CPU
	EndGlobalSection
	GlobalSection(ProjectConfigurationPlatforms) = postSolution
		{A406CFC3-3997-4484-9D87-C93B74997764}.Debug|Any CPU.ActiveCfg = Debug|Any CPU
		{A406CFC3-3997-4484-9D87-C93B74997764}.Debug|Any CPU.Build.0 = Debug|Any CPU
		{A406CFC3-3997-4484-9D87-C93B74997764}.Release|Any CPU.ActiveCfg = Release|Any CPU
		{A406CFC3-3997-4484-9D87-C93B74997764}.Release|Any CPU.Build.0 = Release|Any CPU
	EndGlobalSection
	GlobalSection(SolutionProperties) = preSolution
		HideSolutionNode = FALSE
	EndGlobalSection
	GlobalSection(ExtensibilityGlobals) = postSolution
		SolutionGuid = {319A1B1F-C7C9-401F-AA73-1C2E12E7BC06}
	EndGlobalSection
EndGlobal
