
Microsoft Visual Studio Solution File, Format Version 12.00
# Visual Studio Version 17
VisualStudioVersion = 17.6.33723.286
MinimumVisualStudioVersion = 10.0.40219.1
Project("{FAE04EC0-301F-11D3-BF4B-00C04F79EFBC}") = "01. Train", "01. Train\01. Train.csproj", "{1DFC242F-67A9-490C-9465-31EA4C792C43}"
EndProject
Global
	GlobalSection(SolutionConfigurationPlatforms) = preSolution
		Debug|Any CPU = Debug|Any CPU
		Release|Any CPU = Release|Any CPU
	EndGlobalSection
	GlobalSection(ProjectConfigurationPlatforms) = postSolution
		{1DFC242F-67A9-490C-9465-31EA4C792C43}.Debug|Any CPU.ActiveCfg = Debug|Any CPU
		{1DFC242F-67A9-490C-9465-31EA4C792C43}.Debug|Any CPU.Build.0 = Debug|Any CPU
		{1DFC242F-67A9-490C-9465-31EA4C792C43}.Release|Any CPU.ActiveCfg = Release|Any CPU
		{1DFC242F-67A9-490C-9465-31EA4C792C43}.Release|Any CPU.Build.0 = Release|Any CPU
	EndGlobalSection
	GlobalSection(SolutionProperties) = preSolution
		HideSolutionNode = FALSE
	EndGlobalSection
	GlobalSection(ExtensibilityGlobals) = postSolution
		SolutionGuid = {6B830A09-3FFD-46D0-9117-EB6B4BA1C2A3}
	EndGlobalSection
EndGlobal
