
Microsoft Visual Studio Solution File, Format Version 12.00
# Visual Studio Version 17
VisualStudioVersion = 17.6.33723.286
MinimumVisualStudioVersion = 10.0.40219.1
Project("{FAE04EC0-301F-11D3-BF4B-00C04F79EFBC}") = "04. SoftUni Parking", "04. SoftUni Parking\04. SoftUni Parking.csproj", "{6B6E46A2-8045-48F4-B679-3CB086A1F371}"
EndProject
Global
	GlobalSection(SolutionConfigurationPlatforms) = preSolution
		Debug|Any CPU = Debug|Any CPU
		Release|Any CPU = Release|Any CPU
	EndGlobalSection
	GlobalSection(ProjectConfigurationPlatforms) = postSolution
		{6B6E46A2-8045-48F4-B679-3CB086A1F371}.Debug|Any CPU.ActiveCfg = Debug|Any CPU
		{6B6E46A2-8045-48F4-B679-3CB086A1F371}.Debug|Any CPU.Build.0 = Debug|Any CPU
		{6B6E46A2-8045-48F4-B679-3CB086A1F371}.Release|Any CPU.ActiveCfg = Release|Any CPU
		{6B6E46A2-8045-48F4-B679-3CB086A1F371}.Release|Any CPU.Build.0 = Release|Any CPU
	EndGlobalSection
	GlobalSection(SolutionProperties) = preSolution
		HideSolutionNode = FALSE
	EndGlobalSection
	GlobalSection(ExtensibilityGlobals) = postSolution
		SolutionGuid = {E0D85407-044F-4734-ADC1-513003F1E48D}
	EndGlobalSection
EndGlobal
