
Microsoft Visual Studio Solution File, Format Version 12.00
# Visual Studio Version 17
VisualStudioVersion = 17.6.33723.286
MinimumVisualStudioVersion = 10.0.40219.1
Project("{FAE04EC0-301F-11D3-BF4B-00C04F79EFBC}") = "06. Replace Repeating Chars", "06. Replace Repeating Chars\06. Replace Repeating Chars.csproj", "{484F2519-0D0E-4307-B8E5-055F4103F4EE}"
EndProject
Global
	GlobalSection(SolutionConfigurationPlatforms) = preSolution
		Debug|Any CPU = Debug|Any CPU
		Release|Any CPU = Release|Any CPU
	EndGlobalSection
	GlobalSection(ProjectConfigurationPlatforms) = postSolution
		{484F2519-0D0E-4307-B8E5-055F4103F4EE}.Debug|Any CPU.ActiveCfg = Debug|Any CPU
		{484F2519-0D0E-4307-B8E5-055F4103F4EE}.Debug|Any CPU.Build.0 = Debug|Any CPU
		{484F2519-0D0E-4307-B8E5-055F4103F4EE}.Release|Any CPU.ActiveCfg = Release|Any CPU
		{484F2519-0D0E-4307-B8E5-055F4103F4EE}.Release|Any CPU.Build.0 = Release|Any CPU
	EndGlobalSection
	GlobalSection(SolutionProperties) = preSolution
		HideSolutionNode = FALSE
	EndGlobalSection
	GlobalSection(ExtensibilityGlobals) = postSolution
		SolutionGuid = {A2759DF5-6AFB-46C6-B93C-0B7861A3FD38}
	EndGlobalSection
EndGlobal
