
Microsoft Visual Studio Solution File, Format Version 12.00
# Visual Studio Version 17
VisualStudioVersion = 17.6.33723.286
MinimumVisualStudioVersion = 10.0.40219.1
Project("{FAE04EC0-301F-11D3-BF4B-00C04F79EFBC}") = "05. Print Part Of ASCII Table", "05. Print Part Of ASCII Table\05. Print Part Of ASCII Table.csproj", "{B0B238FA-9A13-49FC-807D-59B3BA71AFCD}"
EndProject
Global
	GlobalSection(SolutionConfigurationPlatforms) = preSolution
		Debug|Any CPU = Debug|Any CPU
		Release|Any CPU = Release|Any CPU
	EndGlobalSection
	GlobalSection(ProjectConfigurationPlatforms) = postSolution
		{B0B238FA-9A13-49FC-807D-59B3BA71AFCD}.Debug|Any CPU.ActiveCfg = Debug|Any CPU
		{B0B238FA-9A13-49FC-807D-59B3BA71AFCD}.Debug|Any CPU.Build.0 = Debug|Any CPU
		{B0B238FA-9A13-49FC-807D-59B3BA71AFCD}.Release|Any CPU.ActiveCfg = Release|Any CPU
		{B0B238FA-9A13-49FC-807D-59B3BA71AFCD}.Release|Any CPU.Build.0 = Release|Any CPU
	EndGlobalSection
	GlobalSection(SolutionProperties) = preSolution
		HideSolutionNode = FALSE
	EndGlobalSection
	GlobalSection(ExtensibilityGlobals) = postSolution
		SolutionGuid = {9F777693-3C2E-4F5F-9EBC-96CA322EFCE4}
	EndGlobalSection
EndGlobal
