
Microsoft Visual Studio Solution File, Format Version 12.00
# Visual Studio Version 17
VisualStudioVersion = 17.6.33723.286
MinimumVisualStudioVersion = 10.0.40219.1
Project("{FAE04EC0-301F-11D3-BF4B-00C04F79EFBC}") = "03. P!rates", "03. P!rates\03. P!rates.csproj", "{97C5A445-41F5-4BF2-A42F-55787509625E}"
EndProject
Global
	GlobalSection(SolutionConfigurationPlatforms) = preSolution
		Debug|Any CPU = Debug|Any CPU
		Release|Any CPU = Release|Any CPU
	EndGlobalSection
	GlobalSection(ProjectConfigurationPlatforms) = postSolution
		{97C5A445-41F5-4BF2-A42F-55787509625E}.Debug|Any CPU.ActiveCfg = Debug|Any CPU
		{97C5A445-41F5-4BF2-A42F-55787509625E}.Debug|Any CPU.Build.0 = Debug|Any CPU
		{97C5A445-41F5-4BF2-A42F-55787509625E}.Release|Any CPU.ActiveCfg = Release|Any CPU
		{97C5A445-41F5-4BF2-A42F-55787509625E}.Release|Any CPU.Build.0 = Release|Any CPU
	EndGlobalSection
	GlobalSection(SolutionProperties) = preSolution
		HideSolutionNode = FALSE
	EndGlobalSection
	GlobalSection(ExtensibilityGlobals) = postSolution
		SolutionGuid = {0EF32C6A-1D94-4C90-8FE2-C22AF9AD40C1}
	EndGlobalSection
EndGlobal
