
Microsoft Visual Studio Solution File, Format Version 12.00
# Visual Studio Version 17
VisualStudioVersion = 17.6.33723.286
MinimumVisualStudioVersion = 10.0.40219.1
Project("{FAE04EC0-301F-11D3-BF4B-00C04F79EFBC}") = "11. Snowballs", "11. Snowballs\11. Snowballs.csproj", "{1B261CF6-0C5C-4A25-8939-05CDBBA43CF3}"
EndProject
Global
	GlobalSection(SolutionConfigurationPlatforms) = preSolution
		Debug|Any CPU = Debug|Any CPU
		Release|Any CPU = Release|Any CPU
	EndGlobalSection
	GlobalSection(ProjectConfigurationPlatforms) = postSolution
		{1B261CF6-0C5C-4A25-8939-05CDBBA43CF3}.Debug|Any CPU.ActiveCfg = Debug|Any CPU
		{1B261CF6-0C5C-4A25-8939-05CDBBA43CF3}.Debug|Any CPU.Build.0 = Debug|Any CPU
		{1B261CF6-0C5C-4A25-8939-05CDBBA43CF3}.Release|Any CPU.ActiveCfg = Release|Any CPU
		{1B261CF6-0C5C-4A25-8939-05CDBBA43CF3}.Release|Any CPU.Build.0 = Release|Any CPU
	EndGlobalSection
	GlobalSection(SolutionProperties) = preSolution
		HideSolutionNode = FALSE
	EndGlobalSection
	GlobalSection(ExtensibilityGlobals) = postSolution
		SolutionGuid = {02C70A87-D7BF-4CD2-B565-10EAF2172414}
	EndGlobalSection
EndGlobal
