
Microsoft Visual Studio Solution File, Format Version 12.00
# Visual Studio Version 17
VisualStudioVersion = 17.6.33723.286
MinimumVisualStudioVersion = 10.0.40219.1
Project("{FAE04EC0-301F-11D3-BF4B-00C04F79EFBC}") = "07. String Explosion", "07. String Explosion\07. String Explosion.csproj", "{22FBBA4C-0962-4ECD-AEFE-D5C2CBCD7A82}"
EndProject
Global
	GlobalSection(SolutionConfigurationPlatforms) = preSolution
		Debug|Any CPU = Debug|Any CPU
		Release|Any CPU = Release|Any CPU
	EndGlobalSection
	GlobalSection(ProjectConfigurationPlatforms) = postSolution
		{22FBBA4C-0962-4ECD-AEFE-D5C2CBCD7A82}.Debug|Any CPU.ActiveCfg = Debug|Any CPU
		{22FBBA4C-0962-4ECD-AEFE-D5C2CBCD7A82}.Debug|Any CPU.Build.0 = Debug|Any CPU
		{22FBBA4C-0962-4ECD-AEFE-D5C2CBCD7A82}.Release|Any CPU.ActiveCfg = Release|Any CPU
		{22FBBA4C-0962-4ECD-AEFE-D5C2CBCD7A82}.Release|Any CPU.Build.0 = Release|Any CPU
	EndGlobalSection
	GlobalSection(SolutionProperties) = preSolution
		HideSolutionNode = FALSE
	EndGlobalSection
	GlobalSection(ExtensibilityGlobals) = postSolution
		SolutionGuid = {BF2BEC49-BE1F-4999-B190-C06196E3CF50}
	EndGlobalSection
EndGlobal
