
Microsoft Visual Studio Solution File, Format Version 12.00
# Visual Studio Version 17
VisualStudioVersion = 17.6.33723.286
MinimumVisualStudioVersion = 10.0.40219.1
Project("{FAE04EC0-301F-11D3-BF4B-00C04F79EFBC}") = "Problem 2 – Array Modifier", "Problem 2 – Array Modifier\Problem 2 – Array Modifier.csproj", "{48D3659C-74CB-44A3-AA07-22BD9343CFB1}"
EndProject
Global
	GlobalSection(SolutionConfigurationPlatforms) = preSolution
		Debug|Any CPU = Debug|Any CPU
		Release|Any CPU = Release|Any CPU
	EndGlobalSection
	GlobalSection(ProjectConfigurationPlatforms) = postSolution
		{48D3659C-74CB-44A3-AA07-22BD9343CFB1}.Debug|Any CPU.ActiveCfg = Debug|Any CPU
		{48D3659C-74CB-44A3-AA07-22BD9343CFB1}.Debug|Any CPU.Build.0 = Debug|Any CPU
		{48D3659C-74CB-44A3-AA07-22BD9343CFB1}.Release|Any CPU.ActiveCfg = Release|Any CPU
		{48D3659C-74CB-44A3-AA07-22BD9343CFB1}.Release|Any CPU.Build.0 = Release|Any CPU
	EndGlobalSection
	GlobalSection(SolutionProperties) = preSolution
		HideSolutionNode = FALSE
	EndGlobalSection
	GlobalSection(ExtensibilityGlobals) = postSolution
		SolutionGuid = {B1CB4FC9-9320-4FA7-95F5-E064249FC8E8}
	EndGlobalSection
EndGlobal
