
Microsoft Visual Studio Solution File, Format Version 12.00
# Visual Studio Version 17
VisualStudioVersion = 17.6.33723.286
MinimumVisualStudioVersion = 10.0.40219.1
Project("{FAE04EC0-301F-11D3-BF4B-00C04F79EFBC}") = "Problem 3 – Inventory", "Problem 3 – Inventory\Problem 3 – Inventory.csproj", "{2722C562-9D04-4520-AA98-953A46BE766F}"
EndProject
Global
	GlobalSection(SolutionConfigurationPlatforms) = preSolution
		Debug|Any CPU = Debug|Any CPU
		Release|Any CPU = Release|Any CPU
	EndGlobalSection
	GlobalSection(ProjectConfigurationPlatforms) = postSolution
		{2722C562-9D04-4520-AA98-953A46BE766F}.Debug|Any CPU.ActiveCfg = Debug|Any CPU
		{2722C562-9D04-4520-AA98-953A46BE766F}.Debug|Any CPU.Build.0 = Debug|Any CPU
		{2722C562-9D04-4520-AA98-953A46BE766F}.Release|Any CPU.ActiveCfg = Release|Any CPU
		{2722C562-9D04-4520-AA98-953A46BE766F}.Release|Any CPU.Build.0 = Release|Any CPU
	EndGlobalSection
	GlobalSection(SolutionProperties) = preSolution
		HideSolutionNode = FALSE
	EndGlobalSection
	GlobalSection(ExtensibilityGlobals) = postSolution
		SolutionGuid = {D71143BE-E576-421D-98EB-2438A7F59A68}
	EndGlobalSection
EndGlobal
