
Microsoft Visual Studio Solution File, Format Version 12.00
# Visual Studio Version 17
VisualStudioVersion = 17.5.33424.131
MinimumVisualStudioVersion = 10.0.40219.1
Project("{FAE04EC0-301F-11D3-BF4B-00C04F79EFBC}") = "02. Division", "02. Division\02. Division.csproj", "{400FF0D4-DE5B-426B-B212-34B0061787DC}"
EndProject
Global
	GlobalSection(SolutionConfigurationPlatforms) = preSolution
		Debug|Any CPU = Debug|Any CPU
		Release|Any CPU = Release|Any CPU
	EndGlobalSection
	GlobalSection(ProjectConfigurationPlatforms) = postSolution
		{400FF0D4-DE5B-426B-B212-34B0061787DC}.Debug|Any CPU.ActiveCfg = Debug|Any CPU
		{400FF0D4-DE5B-426B-B212-34B0061787DC}.Debug|Any CPU.Build.0 = Debug|Any CPU
		{400FF0D4-DE5B-426B-B212-34B0061787DC}.Release|Any CPU.ActiveCfg = Release|Any CPU
		{400FF0D4-DE5B-426B-B212-34B0061787DC}.Release|Any CPU.Build.0 = Release|Any CPU
	EndGlobalSection
	GlobalSection(SolutionProperties) = preSolution
		HideSolutionNode = FALSE
	EndGlobalSection
	GlobalSection(ExtensibilityGlobals) = postSolution
		SolutionGuid = {BEFD3F89-346C-4B7C-8224-B31BFCE5C042}
	EndGlobalSection
EndGlobal
