
Microsoft Visual Studio Solution File, Format Version 12.00
# Visual Studio Version 17
VisualStudioVersion = 17.6.33723.286
MinimumVisualStudioVersion = 10.0.40219.1
Project("{FAE04EC0-301F-11D3-BF4B-00C04F79EFBC}") = "03. Elevator", "03. Elevator\03. Elevator.csproj", "{19588A21-FD65-4545-85B1-ECC3844C9CFA}"
EndProject
Global
	GlobalSection(SolutionConfigurationPlatforms) = preSolution
		Debug|Any CPU = Debug|Any CPU
		Release|Any CPU = Release|Any CPU
	EndGlobalSection
	GlobalSection(ProjectConfigurationPlatforms) = postSolution
		{19588A21-FD65-4545-85B1-ECC3844C9CFA}.Debug|Any CPU.ActiveCfg = Debug|Any CPU
		{19588A21-FD65-4545-85B1-ECC3844C9CFA}.Debug|Any CPU.Build.0 = Debug|Any CPU
		{19588A21-FD65-4545-85B1-ECC3844C9CFA}.Release|Any CPU.ActiveCfg = Release|Any CPU
		{19588A21-FD65-4545-85B1-ECC3844C9CFA}.Release|Any CPU.Build.0 = Release|Any CPU
	EndGlobalSection
	GlobalSection(SolutionProperties) = preSolution
		HideSolutionNode = FALSE
	EndGlobalSection
	GlobalSection(ExtensibilityGlobals) = postSolution
		SolutionGuid = {18D09214-40DD-4893-BB8D-8E8EF8D07D58}
	EndGlobalSection
EndGlobal
