
Microsoft Visual Studio Solution File, Format Version 12.00
# Visual Studio Version 17
VisualStudioVersion = 17.6.33723.286
MinimumVisualStudioVersion = 10.0.40219.1
Project("{FAE04EC0-301F-11D3-BF4B-00C04F79EFBC}") = "EXAM 1", "EXAM 1\EXAM 1.csproj", "{2B749405-5A89-4DA4-A2B2-04CA8A1AB37D}"
EndProject
Global
	GlobalSection(SolutionConfigurationPlatforms) = preSolution
		Debug|Any CPU = Debug|Any CPU
		Release|Any CPU = Release|Any CPU
	EndGlobalSection
	GlobalSection(ProjectConfigurationPlatforms) = postSolution
		{2B749405-5A89-4DA4-A2B2-04CA8A1AB37D}.Debug|Any CPU.ActiveCfg = Debug|Any CPU
		{2B749405-5A89-4DA4-A2B2-04CA8A1AB37D}.Debug|Any CPU.Build.0 = Debug|Any CPU
		{2B749405-5A89-4DA4-A2B2-04CA8A1AB37D}.Release|Any CPU.ActiveCfg = Release|Any CPU
		{2B749405-5A89-4DA4-A2B2-04CA8A1AB37D}.Release|Any CPU.Build.0 = Release|Any CPU
	EndGlobalSection
	GlobalSection(SolutionProperties) = preSolution
		HideSolutionNode = FALSE
	EndGlobalSection
	GlobalSection(ExtensibilityGlobals) = postSolution
		SolutionGuid = {2ABC639E-2C65-42C1-A9B9-0799362A0E52}
	EndGlobalSection
EndGlobal
