
Microsoft Visual Studio Solution File, Format Version 12.00
# Visual Studio Version 17
VisualStudioVersion = 17.6.33723.286
MinimumVisualStudioVersion = 10.0.40219.1
Project("{FAE04EC0-301F-11D3-BF4B-00C04F79EFBC}") = "06. Triples of Latin Letters", "06. Triples of Latin Letters\06. Triples of Latin Letters.csproj", "{BBA2C327-BA2E-4521-8FEB-43683EE0C83B}"
EndProject
Global
	GlobalSection(SolutionConfigurationPlatforms) = preSolution
		Debug|Any CPU = Debug|Any CPU
		Release|Any CPU = Release|Any CPU
	EndGlobalSection
	GlobalSection(ProjectConfigurationPlatforms) = postSolution
		{BBA2C327-BA2E-4521-8FEB-43683EE0C83B}.Debug|Any CPU.ActiveCfg = Debug|Any CPU
		{BBA2C327-BA2E-4521-8FEB-43683EE0C83B}.Debug|Any CPU.Build.0 = Debug|Any CPU
		{BBA2C327-BA2E-4521-8FEB-43683EE0C83B}.Release|Any CPU.ActiveCfg = Release|Any CPU
		{BBA2C327-BA2E-4521-8FEB-43683EE0C83B}.Release|Any CPU.Build.0 = Release|Any CPU
	EndGlobalSection
	GlobalSection(SolutionProperties) = preSolution
		HideSolutionNode = FALSE
	EndGlobalSection
	GlobalSection(ExtensibilityGlobals) = postSolution
		SolutionGuid = {446D91F7-E046-4FB1-93C9-A5728FCE69EE}
	EndGlobalSection
EndGlobal
