
Microsoft Visual Studio Solution File, Format Version 12.00
# Visual Studio Version 17
VisualStudioVersion = 17.6.33723.286
MinimumVisualStudioVersion = 10.0.40219.1
Project("{FAE04EC0-301F-11D3-BF4B-00C04F79EFBC}") = "05. Teamwork Projects", "05. Teamwork Projects\05. Teamwork Projects.csproj", "{87A00498-C574-419A-97A5-FD3313C3EE1B}"
EndProject
Global
	GlobalSection(SolutionConfigurationPlatforms) = preSolution
		Debug|Any CPU = Debug|Any CPU
		Release|Any CPU = Release|Any CPU
	EndGlobalSection
	GlobalSection(ProjectConfigurationPlatforms) = postSolution
		{87A00498-C574-419A-97A5-FD3313C3EE1B}.Debug|Any CPU.ActiveCfg = Debug|Any CPU
		{87A00498-C574-419A-97A5-FD3313C3EE1B}.Debug|Any CPU.Build.0 = Debug|Any CPU
		{87A00498-C574-419A-97A5-FD3313C3EE1B}.Release|Any CPU.ActiveCfg = Release|Any CPU
		{87A00498-C574-419A-97A5-FD3313C3EE1B}.Release|Any CPU.Build.0 = Release|Any CPU
	EndGlobalSection
	GlobalSection(SolutionProperties) = preSolution
		HideSolutionNode = FALSE
	EndGlobalSection
	GlobalSection(ExtensibilityGlobals) = postSolution
		SolutionGuid = {CC9D5821-AEDF-475E-8971-37B3DF836DFC}
	EndGlobalSection
EndGlobal
